
Microsoft Visual Studio Solution File, Format Version 12.00
# Visual Studio Version 17
VisualStudioVersion = 17.5.33516.290
MinimumVisualStudioVersion = 10.0.40219.1
Project("{FAE04EC0-301F-11D3-BF4B-00C04F79EFBC}") = "DODE", "DODE\DODE.csproj", "{EE427CC7-F73F-4E5E-8D73-954AF8E35528}"
EndProject
Global
	GlobalSection(SolutionConfigurationPlatforms) = preSolution
		Debug|Any CPU = Debug|Any CPU
		Release|Any CPU = Release|Any CPU
	EndGlobalSection
	GlobalSection(ProjectConfigurationPlatforms) = postSolution
		{EE427CC7-F73F-4E5E-8D73-954AF8E35528}.Debug|Any CPU.ActiveCfg = Debug|Any CPU
		{EE427CC7-F73F-4E5E-8D73-954AF8E35528}.Debug|Any CPU.Build.0 = Debug|Any CPU
		{EE427CC7-F73F-4E5E-8D73-954AF8E35528}.Release|Any CPU.ActiveCfg = Release|Any CPU
		{EE427CC7-F73F-4E5E-8D73-954AF8E35528}.Release|Any CPU.Build.0 = Release|Any CPU
	EndGlobalSection
	GlobalSection(SolutionProperties) = preSolution
		HideSolutionNode = FALSE
	EndGlobalSection
	GlobalSection(ExtensibilityGlobals) = postSolution
		SolutionGuid = {D828DE05-4126-4320-A3A1-3CB90A012F14}
	EndGlobalSection
EndGlobal
